
Microsoft Visual Studio Solution File, Format Version 12.00
# Visual Studio 14
VisualStudioVersion = 14.0.23107.0
MinimumVisualStudioVersion = 10.0.40219.1
Project("{FAE04EC0-301F-11D3-BF4B-00C04F79EFBC}") = "HM2015.Downloader.ConsoleApplication", "HM2015.Downloader.ConsoleApplication\HM2015.Downloader.ConsoleApplication.csproj", "{79804BAB-58B9-43B0-B26D-D202340E9D2B}"
EndProject
Project("{FAE04EC0-301F-11D3-BF4B-00C04F79EFBC}") = "HM2015.FacialRecognition.Library", "HM2015.FacialRecognition.Library\HM2015.FacialRecognition.Library.csproj", "{3404B7A3-3AA2-44CE-9C3F-397E67D05F8F}"
EndProject
Global
	GlobalSection(SolutionConfigurationPlatforms) = preSolution
		Debug|Any CPU = Debug|Any CPU
		Release|Any CPU = Release|Any CPU
	EndGlobalSection
	GlobalSection(ProjectConfigurationPlatforms) = postSolution
		{79804BAB-58B9-43B0-B26D-D202340E9D2B}.Debug|Any CPU.ActiveCfg = Debug|Any CPU
		{79804BAB-58B9-43B0-B26D-D202340E9D2B}.Debug|Any CPU.Build.0 = Debug|Any CPU
		{79804BAB-58B9-43B0-B26D-D202340E9D2B}.Release|Any CPU.ActiveCfg = Release|Any CPU
		{79804BAB-58B9-43B0-B26D-D202340E9D2B}.Release|Any CPU.Build.0 = Release|Any CPU
		{3404B7A3-3AA2-44CE-9C3F-397E67D05F8F}.Debug|Any CPU.ActiveCfg = Debug|Any CPU
		{3404B7A3-3AA2-44CE-9C3F-397E67D05F8F}.Debug|Any CPU.Build.0 = Debug|Any CPU
		{3404B7A3-3AA2-44CE-9C3F-397E67D05F8F}.Release|Any CPU.ActiveCfg = Release|Any CPU
		{3404B7A3-3AA2-44CE-9C3F-397E67D05F8F}.Release|Any CPU.Build.0 = Release|Any CPU
	EndGlobalSection
	GlobalSection(SolutionProperties) = preSolution
		HideSolutionNode = FALSE
	EndGlobalSection
EndGlobal
